
Microsoft Visual Studio Solution File, Format Version 12.00
# Visual Studio Version 16
VisualStudioVersion = 16.0.30717.126
MinimumVisualStudioVersion = 10.0.40219.1
Project("{9A19103F-16F7-4668-BE54-9A1E7A4F7556}") = "CalculatorProject", "CalculatorProject\CalculatorProject.csproj", "{78154B82-41C5-458C-B4D1-D07C85FB5A08}"
EndProject
Project("{FAE04EC0-301F-11D3-BF4B-00C04F79EFBC}") = "Calculatornittest", "Calculatornittest\Calculatornittest.csproj", "{7F272932-511F-4883-B535-3BDF31B6DDCA}"
EndProject
Global
	GlobalSection(SolutionConfigurationPlatforms) = preSolution
		Debug|Any CPU = Debug|Any CPU
		Release|Any CPU = Release|Any CPU
	EndGlobalSection
	GlobalSection(ProjectConfigurationPlatforms) = postSolution
		{78154B82-41C5-458C-B4D1-D07C85FB5A08}.Debug|Any CPU.ActiveCfg = Debug|Any CPU
		{78154B82-41C5-458C-B4D1-D07C85FB5A08}.Debug|Any CPU.Build.0 = Debug|Any CPU
		{78154B82-41C5-458C-B4D1-D07C85FB5A08}.Release|Any CPU.ActiveCfg = Release|Any CPU
		{78154B82-41C5-458C-B4D1-D07C85FB5A08}.Release|Any CPU.Build.0 = Release|Any CPU
		{7F272932-511F-4883-B535-3BDF31B6DDCA}.Debug|Any CPU.ActiveCfg = Debug|Any CPU
		{7F272932-511F-4883-B535-3BDF31B6DDCA}.Debug|Any CPU.Build.0 = Debug|Any CPU
		{7F272932-511F-4883-B535-3BDF31B6DDCA}.Release|Any CPU.ActiveCfg = Release|Any CPU
		{7F272932-511F-4883-B535-3BDF31B6DDCA}.Release|Any CPU.Build.0 = Release|Any CPU
	EndGlobalSection
	GlobalSection(SolutionProperties) = preSolution
		HideSolutionNode = FALSE
	EndGlobalSection
	GlobalSection(ExtensibilityGlobals) = postSolution
		SolutionGuid = {B1EAE57F-C4F6-4853-AB49-A06F6BBB77C1}
	EndGlobalSection
EndGlobal
